
Microsoft Visual Studio Solution File, Format Version 12.00
# Visual Studio 15
VisualStudioVersion = 15.0.26228.9
MinimumVisualStudioVersion = 10.0.40219.1
Project("{FAE04EC0-301F-11D3-BF4B-00C04F79EFBC}") = "APIs", "APIs\APIs.csproj", "{A81ADAD8-6BA8-49CD-BAE4-DE2DC4AB4A6A}"
EndProject
Project("{FAE04EC0-301F-11D3-BF4B-00C04F79EFBC}") = "Server", "Server\Server.csproj", "{565E0BA3-88FC-4804-87E2-98E5A89606D8}"
EndProject
Global
	GlobalSection(SolutionConfigurationPlatforms) = preSolution
		Debug|Any CPU = Debug|Any CPU
		Release|Any CPU = Release|Any CPU
	EndGlobalSection
	GlobalSection(ProjectConfigurationPlatforms) = postSolution
		{A81ADAD8-6BA8-49CD-BAE4-DE2DC4AB4A6A}.Debug|Any CPU.ActiveCfg = Debug|Any CPU
		{A81ADAD8-6BA8-49CD-BAE4-DE2DC4AB4A6A}.Debug|Any CPU.Build.0 = Debug|Any CPU
		{A81ADAD8-6BA8-49CD-BAE4-DE2DC4AB4A6A}.Release|Any CPU.ActiveCfg = Release|Any CPU
		{A81ADAD8-6BA8-49CD-BAE4-DE2DC4AB4A6A}.Release|Any CPU.Build.0 = Release|Any CPU
		{565E0BA3-88FC-4804-87E2-98E5A89606D8}.Debug|Any CPU.ActiveCfg = Debug|Any CPU
		{565E0BA3-88FC-4804-87E2-98E5A89606D8}.Debug|Any CPU.Build.0 = Debug|Any CPU
		{565E0BA3-88FC-4804-87E2-98E5A89606D8}.Release|Any CPU.ActiveCfg = Release|Any CPU
		{565E0BA3-88FC-4804-87E2-98E5A89606D8}.Release|Any CPU.Build.0 = Release|Any CPU
	EndGlobalSection
	GlobalSection(SolutionProperties) = preSolution
		HideSolutionNode = FALSE
	EndGlobalSection
EndGlobal
